
Microsoft Visual Studio Solution File, Format Version 12.00
# Visual Studio Version 16
Project("{8BC9CEB8-8B4A-11D0-8D11-00A0C91BC942}") = "ALL_BUILD", "ALL_BUILD.vcxproj", "{20BADDB7-2DB3-3CB5-96E3-51E55DE64EFF}"
	ProjectSection(ProjectDependencies) = postProject
		{67235BFC-294F-3810-A619-089B4F2E6F6D} = {67235BFC-294F-3810-A619-089B4F2E6F6D}
	EndProjectSection
EndProject
Project("{8BC9CEB8-8B4A-11D0-8D11-00A0C91BC942}") = "MathModule", "MathModule.vcxproj", "{67235BFC-294F-3810-A619-089B4F2E6F6D}"
	ProjectSection(ProjectDependencies) = postProject
	EndProjectSection
EndProject
Global
	GlobalSection(SolutionConfigurationPlatforms) = preSolution
		Debug|x64 = Debug|x64
		Release|x64 = Release|x64
		MinSizeRel|x64 = MinSizeRel|x64
		RelWithDebInfo|x64 = RelWithDebInfo|x64
	EndGlobalSection
	GlobalSection(ProjectConfigurationPlatforms) = postSolution
		{20BADDB7-2DB3-3CB5-96E3-51E55DE64EFF}.Debug|x64.ActiveCfg = Debug|x64
		{20BADDB7-2DB3-3CB5-96E3-51E55DE64EFF}.Release|x64.ActiveCfg = Release|x64
		{20BADDB7-2DB3-3CB5-96E3-51E55DE64EFF}.MinSizeRel|x64.ActiveCfg = MinSizeRel|x64
		{20BADDB7-2DB3-3CB5-96E3-51E55DE64EFF}.RelWithDebInfo|x64.ActiveCfg = RelWithDebInfo|x64
		{67235BFC-294F-3810-A619-089B4F2E6F6D}.Debug|x64.ActiveCfg = Debug|x64
		{67235BFC-294F-3810-A619-089B4F2E6F6D}.Debug|x64.Build.0 = Debug|x64
		{67235BFC-294F-3810-A619-089B4F2E6F6D}.Release|x64.ActiveCfg = Release|x64
		{67235BFC-294F-3810-A619-089B4F2E6F6D}.Release|x64.Build.0 = Release|x64
		{67235BFC-294F-3810-A619-089B4F2E6F6D}.MinSizeRel|x64.ActiveCfg = MinSizeRel|x64
		{67235BFC-294F-3810-A619-089B4F2E6F6D}.MinSizeRel|x64.Build.0 = MinSizeRel|x64
		{67235BFC-294F-3810-A619-089B4F2E6F6D}.RelWithDebInfo|x64.ActiveCfg = RelWithDebInfo|x64
		{67235BFC-294F-3810-A619-089B4F2E6F6D}.RelWithDebInfo|x64.Build.0 = RelWithDebInfo|x64
	EndGlobalSection
	GlobalSection(ExtensibilityGlobals) = postSolution
		SolutionGuid = {FA4B7415-8FEF-3F30-8A2D-8281047BD36F}
	EndGlobalSection
	GlobalSection(ExtensibilityAddIns) = postSolution
	EndGlobalSection
EndGlobal
