
Microsoft Visual Studio Solution File, Format Version 12.00
# Visual Studio Version 16
Project("{8BC9CEB8-8B4A-11D0-8D11-00A0C91BC942}") = "ALL_BUILD", "ALL_BUILD.vcxproj", "{8CE7F977-FFD9-33D7-B3ED-66FB8884EFDE}"
	ProjectSection(ProjectDependencies) = postProject
		{58772601-C1CC-3B1F-BD39-8CC3B0FA2098} = {58772601-C1CC-3B1F-BD39-8CC3B0FA2098}
	EndProjectSection
EndProject
Project("{8BC9CEB8-8B4A-11D0-8D11-00A0C91BC942}") = "MathModule", "MathModule.vcxproj", "{58772601-C1CC-3B1F-BD39-8CC3B0FA2098}"
	ProjectSection(ProjectDependencies) = postProject
	EndProjectSection
EndProject
Global
	GlobalSection(SolutionConfigurationPlatforms) = preSolution
		Debug|x64 = Debug|x64
		Release|x64 = Release|x64
		MinSizeRel|x64 = MinSizeRel|x64
		RelWithDebInfo|x64 = RelWithDebInfo|x64
	EndGlobalSection
	GlobalSection(ProjectConfigurationPlatforms) = postSolution
		{8CE7F977-FFD9-33D7-B3ED-66FB8884EFDE}.Debug|x64.ActiveCfg = Debug|x64
		{8CE7F977-FFD9-33D7-B3ED-66FB8884EFDE}.Release|x64.ActiveCfg = Release|x64
		{8CE7F977-FFD9-33D7-B3ED-66FB8884EFDE}.MinSizeRel|x64.ActiveCfg = MinSizeRel|x64
		{8CE7F977-FFD9-33D7-B3ED-66FB8884EFDE}.RelWithDebInfo|x64.ActiveCfg = RelWithDebInfo|x64
		{58772601-C1CC-3B1F-BD39-8CC3B0FA2098}.Debug|x64.ActiveCfg = Debug|x64
		{58772601-C1CC-3B1F-BD39-8CC3B0FA2098}.Debug|x64.Build.0 = Debug|x64
		{58772601-C1CC-3B1F-BD39-8CC3B0FA2098}.Release|x64.ActiveCfg = Release|x64
		{58772601-C1CC-3B1F-BD39-8CC3B0FA2098}.Release|x64.Build.0 = Release|x64
		{58772601-C1CC-3B1F-BD39-8CC3B0FA2098}.MinSizeRel|x64.ActiveCfg = MinSizeRel|x64
		{58772601-C1CC-3B1F-BD39-8CC3B0FA2098}.MinSizeRel|x64.Build.0 = MinSizeRel|x64
		{58772601-C1CC-3B1F-BD39-8CC3B0FA2098}.RelWithDebInfo|x64.ActiveCfg = RelWithDebInfo|x64
		{58772601-C1CC-3B1F-BD39-8CC3B0FA2098}.RelWithDebInfo|x64.Build.0 = RelWithDebInfo|x64
	EndGlobalSection
	GlobalSection(ExtensibilityGlobals) = postSolution
		SolutionGuid = {9C506DBF-011A-3245-8EB6-8E4E11FA5170}
	EndGlobalSection
	GlobalSection(ExtensibilityAddIns) = postSolution
	EndGlobalSection
EndGlobal
