
Microsoft Visual Studio Solution File, Format Version 12.00
# Visual Studio Version 16
Project("{8BC9CEB8-8B4A-11D0-8D11-00A0C91BC942}") = "ALL_BUILD", "ALL_BUILD.vcxproj", "{C620143F-6733-348C-B756-F0E54E600C8A}"
	ProjectSection(ProjectDependencies) = postProject
		{DF9661F3-7B82-317D-BCC1-80CAED351ED6} = {DF9661F3-7B82-317D-BCC1-80CAED351ED6}
	EndProjectSection
EndProject
Project("{8BC9CEB8-8B4A-11D0-8D11-00A0C91BC942}") = "MathModule", "MathModule.vcxproj", "{DF9661F3-7B82-317D-BCC1-80CAED351ED6}"
	ProjectSection(ProjectDependencies) = postProject
	EndProjectSection
EndProject
Global
	GlobalSection(SolutionConfigurationPlatforms) = preSolution
		Debug|x64 = Debug|x64
		Release|x64 = Release|x64
		MinSizeRel|x64 = MinSizeRel|x64
		RelWithDebInfo|x64 = RelWithDebInfo|x64
	EndGlobalSection
	GlobalSection(ProjectConfigurationPlatforms) = postSolution
		{C620143F-6733-348C-B756-F0E54E600C8A}.Debug|x64.ActiveCfg = Debug|x64
		{C620143F-6733-348C-B756-F0E54E600C8A}.Release|x64.ActiveCfg = Release|x64
		{C620143F-6733-348C-B756-F0E54E600C8A}.MinSizeRel|x64.ActiveCfg = MinSizeRel|x64
		{C620143F-6733-348C-B756-F0E54E600C8A}.RelWithDebInfo|x64.ActiveCfg = RelWithDebInfo|x64
		{DF9661F3-7B82-317D-BCC1-80CAED351ED6}.Debug|x64.ActiveCfg = Debug|x64
		{DF9661F3-7B82-317D-BCC1-80CAED351ED6}.Debug|x64.Build.0 = Debug|x64
		{DF9661F3-7B82-317D-BCC1-80CAED351ED6}.Release|x64.ActiveCfg = Release|x64
		{DF9661F3-7B82-317D-BCC1-80CAED351ED6}.Release|x64.Build.0 = Release|x64
		{DF9661F3-7B82-317D-BCC1-80CAED351ED6}.MinSizeRel|x64.ActiveCfg = MinSizeRel|x64
		{DF9661F3-7B82-317D-BCC1-80CAED351ED6}.MinSizeRel|x64.Build.0 = MinSizeRel|x64
		{DF9661F3-7B82-317D-BCC1-80CAED351ED6}.RelWithDebInfo|x64.ActiveCfg = RelWithDebInfo|x64
		{DF9661F3-7B82-317D-BCC1-80CAED351ED6}.RelWithDebInfo|x64.Build.0 = RelWithDebInfo|x64
	EndGlobalSection
	GlobalSection(ExtensibilityGlobals) = postSolution
		SolutionGuid = {173D7B02-82AD-3D53-991D-1FFF55EFE064}
	EndGlobalSection
	GlobalSection(ExtensibilityAddIns) = postSolution
	EndGlobalSection
EndGlobal
