
Microsoft Visual Studio Solution File, Format Version 12.00
# Visual Studio Version 16
Project("{8BC9CEB8-8B4A-11D0-8D11-00A0C91BC942}") = "ALL_BUILD", "ALL_BUILD.vcxproj", "{9356965B-D231-365E-9B49-5E3C8C640A91}"
	ProjectSection(ProjectDependencies) = postProject
		{DE9DF5DF-8E34-3C27-8837-3A52A301B563} = {DE9DF5DF-8E34-3C27-8837-3A52A301B563}
	EndProjectSection
EndProject
Project("{8BC9CEB8-8B4A-11D0-8D11-00A0C91BC942}") = "MathModule", "..\Math\MathModule.vcxproj", "{213258E9-ED45-3117-876D-1C83E83A3A89}"
	ProjectSection(ProjectDependencies) = postProject
	EndProjectSection
EndProject
Project("{8BC9CEB8-8B4A-11D0-8D11-00A0C91BC942}") = "RendererModule", "RendererModule.vcxproj", "{DE9DF5DF-8E34-3C27-8837-3A52A301B563}"
	ProjectSection(ProjectDependencies) = postProject
		{213258E9-ED45-3117-876D-1C83E83A3A89} = {213258E9-ED45-3117-876D-1C83E83A3A89}
	EndProjectSection
EndProject
Global
	GlobalSection(SolutionConfigurationPlatforms) = preSolution
		Debug|x64 = Debug|x64
		Release|x64 = Release|x64
		MinSizeRel|x64 = MinSizeRel|x64
		RelWithDebInfo|x64 = RelWithDebInfo|x64
	EndGlobalSection
	GlobalSection(ProjectConfigurationPlatforms) = postSolution
		{9356965B-D231-365E-9B49-5E3C8C640A91}.Debug|x64.ActiveCfg = Debug|x64
		{9356965B-D231-365E-9B49-5E3C8C640A91}.Release|x64.ActiveCfg = Release|x64
		{9356965B-D231-365E-9B49-5E3C8C640A91}.MinSizeRel|x64.ActiveCfg = MinSizeRel|x64
		{9356965B-D231-365E-9B49-5E3C8C640A91}.RelWithDebInfo|x64.ActiveCfg = RelWithDebInfo|x64
		{213258E9-ED45-3117-876D-1C83E83A3A89}.Debug|x64.ActiveCfg = Debug|x64
		{213258E9-ED45-3117-876D-1C83E83A3A89}.Debug|x64.Build.0 = Debug|x64
		{213258E9-ED45-3117-876D-1C83E83A3A89}.Release|x64.ActiveCfg = Release|x64
		{213258E9-ED45-3117-876D-1C83E83A3A89}.Release|x64.Build.0 = Release|x64
		{213258E9-ED45-3117-876D-1C83E83A3A89}.MinSizeRel|x64.ActiveCfg = MinSizeRel|x64
		{213258E9-ED45-3117-876D-1C83E83A3A89}.MinSizeRel|x64.Build.0 = MinSizeRel|x64
		{213258E9-ED45-3117-876D-1C83E83A3A89}.RelWithDebInfo|x64.ActiveCfg = RelWithDebInfo|x64
		{213258E9-ED45-3117-876D-1C83E83A3A89}.RelWithDebInfo|x64.Build.0 = RelWithDebInfo|x64
		{DE9DF5DF-8E34-3C27-8837-3A52A301B563}.Debug|x64.ActiveCfg = Debug|x64
		{DE9DF5DF-8E34-3C27-8837-3A52A301B563}.Debug|x64.Build.0 = Debug|x64
		{DE9DF5DF-8E34-3C27-8837-3A52A301B563}.Release|x64.ActiveCfg = Release|x64
		{DE9DF5DF-8E34-3C27-8837-3A52A301B563}.Release|x64.Build.0 = Release|x64
		{DE9DF5DF-8E34-3C27-8837-3A52A301B563}.MinSizeRel|x64.ActiveCfg = MinSizeRel|x64
		{DE9DF5DF-8E34-3C27-8837-3A52A301B563}.MinSizeRel|x64.Build.0 = MinSizeRel|x64
		{DE9DF5DF-8E34-3C27-8837-3A52A301B563}.RelWithDebInfo|x64.ActiveCfg = RelWithDebInfo|x64
		{DE9DF5DF-8E34-3C27-8837-3A52A301B563}.RelWithDebInfo|x64.Build.0 = RelWithDebInfo|x64
	EndGlobalSection
	GlobalSection(ExtensibilityGlobals) = postSolution
		SolutionGuid = {6BF8F47B-6082-3787-96F0-0EA391933652}
	EndGlobalSection
	GlobalSection(ExtensibilityAddIns) = postSolution
	EndGlobalSection
EndGlobal
