
Microsoft Visual Studio Solution File, Format Version 12.00
# Visual Studio Version 16
Project("{8BC9CEB8-8B4A-11D0-8D11-00A0C91BC942}") = "SoftRendererPlayer", "Source\Player\SoftRendererPlayer.vcxproj", "{FCD72B98-E850-347A-8AE2-A02C1489155B}"
	ProjectSection(ProjectDependencies) = postProject
		{F004A046-DF14-3F30-A371-C69660C31BEA} = {F004A046-DF14-3F30-A371-C69660C31BEA}
		{D661F977-54FF-31F4-843A-22C6628E0D96} = {D661F977-54FF-31F4-843A-22C6628E0D96}
		{AA6A4FAD-814A-358D-AFD7-6A3AA94FA702} = {AA6A4FAD-814A-358D-AFD7-6A3AA94FA702}
	EndProjectSection
EndProject
Project("{8BC9CEB8-8B4A-11D0-8D11-00A0C91BC942}") = "ALL_BUILD", "ALL_BUILD.vcxproj", "{2A69E4CD-FCE9-3AE5-8208-EFEFCEA08CF6}"
	ProjectSection(ProjectDependencies) = postProject
		{F004A046-DF14-3F30-A371-C69660C31BEA} = {F004A046-DF14-3F30-A371-C69660C31BEA}
		{D661F977-54FF-31F4-843A-22C6628E0D96} = {D661F977-54FF-31F4-843A-22C6628E0D96}
		{AA6A4FAD-814A-358D-AFD7-6A3AA94FA702} = {AA6A4FAD-814A-358D-AFD7-6A3AA94FA702}
		{FCD72B98-E850-347A-8AE2-A02C1489155B} = {FCD72B98-E850-347A-8AE2-A02C1489155B}
	EndProjectSection
EndProject
Project("{8BC9CEB8-8B4A-11D0-8D11-00A0C91BC942}") = "EngineModule", "Source\Runtime\Engine\EngineModule.vcxproj", "{F004A046-DF14-3F30-A371-C69660C31BEA}"
	ProjectSection(ProjectDependencies) = postProject
		{D661F977-54FF-31F4-843A-22C6628E0D96} = {D661F977-54FF-31F4-843A-22C6628E0D96}
		{AA6A4FAD-814A-358D-AFD7-6A3AA94FA702} = {AA6A4FAD-814A-358D-AFD7-6A3AA94FA702}
	EndProjectSection
EndProject
Project("{8BC9CEB8-8B4A-11D0-8D11-00A0C91BC942}") = "MathModule", "Source\Runtime\Math\MathModule.vcxproj", "{D661F977-54FF-31F4-843A-22C6628E0D96}"
	ProjectSection(ProjectDependencies) = postProject
	EndProjectSection
EndProject
Project("{8BC9CEB8-8B4A-11D0-8D11-00A0C91BC942}") = "RendererModule", "Source\Runtime\Renderer\RendererModule.vcxproj", "{AA6A4FAD-814A-358D-AFD7-6A3AA94FA702}"
	ProjectSection(ProjectDependencies) = postProject
		{D661F977-54FF-31F4-843A-22C6628E0D96} = {D661F977-54FF-31F4-843A-22C6628E0D96}
	EndProjectSection
EndProject
Global
	GlobalSection(SolutionConfigurationPlatforms) = preSolution
		Debug|x64 = Debug|x64
		Release|x64 = Release|x64
		MinSizeRel|x64 = MinSizeRel|x64
		RelWithDebInfo|x64 = RelWithDebInfo|x64
	EndGlobalSection
	GlobalSection(ProjectConfigurationPlatforms) = postSolution
		{FCD72B98-E850-347A-8AE2-A02C1489155B}.Debug|x64.ActiveCfg = Debug|x64
		{FCD72B98-E850-347A-8AE2-A02C1489155B}.Debug|x64.Build.0 = Debug|x64
		{FCD72B98-E850-347A-8AE2-A02C1489155B}.Release|x64.ActiveCfg = Release|x64
		{FCD72B98-E850-347A-8AE2-A02C1489155B}.Release|x64.Build.0 = Release|x64
		{FCD72B98-E850-347A-8AE2-A02C1489155B}.MinSizeRel|x64.ActiveCfg = MinSizeRel|x64
		{FCD72B98-E850-347A-8AE2-A02C1489155B}.MinSizeRel|x64.Build.0 = MinSizeRel|x64
		{FCD72B98-E850-347A-8AE2-A02C1489155B}.RelWithDebInfo|x64.ActiveCfg = RelWithDebInfo|x64
		{FCD72B98-E850-347A-8AE2-A02C1489155B}.RelWithDebInfo|x64.Build.0 = RelWithDebInfo|x64
		{2A69E4CD-FCE9-3AE5-8208-EFEFCEA08CF6}.Debug|x64.ActiveCfg = Debug|x64
		{2A69E4CD-FCE9-3AE5-8208-EFEFCEA08CF6}.Release|x64.ActiveCfg = Release|x64
		{2A69E4CD-FCE9-3AE5-8208-EFEFCEA08CF6}.MinSizeRel|x64.ActiveCfg = MinSizeRel|x64
		{2A69E4CD-FCE9-3AE5-8208-EFEFCEA08CF6}.RelWithDebInfo|x64.ActiveCfg = RelWithDebInfo|x64
		{F004A046-DF14-3F30-A371-C69660C31BEA}.Debug|x64.ActiveCfg = Debug|x64
		{F004A046-DF14-3F30-A371-C69660C31BEA}.Debug|x64.Build.0 = Debug|x64
		{F004A046-DF14-3F30-A371-C69660C31BEA}.Release|x64.ActiveCfg = Release|x64
		{F004A046-DF14-3F30-A371-C69660C31BEA}.Release|x64.Build.0 = Release|x64
		{F004A046-DF14-3F30-A371-C69660C31BEA}.MinSizeRel|x64.ActiveCfg = MinSizeRel|x64
		{F004A046-DF14-3F30-A371-C69660C31BEA}.MinSizeRel|x64.Build.0 = MinSizeRel|x64
		{F004A046-DF14-3F30-A371-C69660C31BEA}.RelWithDebInfo|x64.ActiveCfg = RelWithDebInfo|x64
		{F004A046-DF14-3F30-A371-C69660C31BEA}.RelWithDebInfo|x64.Build.0 = RelWithDebInfo|x64
		{D661F977-54FF-31F4-843A-22C6628E0D96}.Debug|x64.ActiveCfg = Debug|x64
		{D661F977-54FF-31F4-843A-22C6628E0D96}.Debug|x64.Build.0 = Debug|x64
		{D661F977-54FF-31F4-843A-22C6628E0D96}.Release|x64.ActiveCfg = Release|x64
		{D661F977-54FF-31F4-843A-22C6628E0D96}.Release|x64.Build.0 = Release|x64
		{D661F977-54FF-31F4-843A-22C6628E0D96}.MinSizeRel|x64.ActiveCfg = MinSizeRel|x64
		{D661F977-54FF-31F4-843A-22C6628E0D96}.MinSizeRel|x64.Build.0 = MinSizeRel|x64
		{D661F977-54FF-31F4-843A-22C6628E0D96}.RelWithDebInfo|x64.ActiveCfg = RelWithDebInfo|x64
		{D661F977-54FF-31F4-843A-22C6628E0D96}.RelWithDebInfo|x64.Build.0 = RelWithDebInfo|x64
		{AA6A4FAD-814A-358D-AFD7-6A3AA94FA702}.Debug|x64.ActiveCfg = Debug|x64
		{AA6A4FAD-814A-358D-AFD7-6A3AA94FA702}.Debug|x64.Build.0 = Debug|x64
		{AA6A4FAD-814A-358D-AFD7-6A3AA94FA702}.Release|x64.ActiveCfg = Release|x64
		{AA6A4FAD-814A-358D-AFD7-6A3AA94FA702}.Release|x64.Build.0 = Release|x64
		{AA6A4FAD-814A-358D-AFD7-6A3AA94FA702}.MinSizeRel|x64.ActiveCfg = MinSizeRel|x64
		{AA6A4FAD-814A-358D-AFD7-6A3AA94FA702}.MinSizeRel|x64.Build.0 = MinSizeRel|x64
		{AA6A4FAD-814A-358D-AFD7-6A3AA94FA702}.RelWithDebInfo|x64.ActiveCfg = RelWithDebInfo|x64
		{AA6A4FAD-814A-358D-AFD7-6A3AA94FA702}.RelWithDebInfo|x64.Build.0 = RelWithDebInfo|x64
	EndGlobalSection
	GlobalSection(ExtensibilityGlobals) = postSolution
		SolutionGuid = {D51623B1-1CDF-36BF-A7B4-9397767CD525}
	EndGlobalSection
	GlobalSection(ExtensibilityAddIns) = postSolution
	EndGlobalSection
EndGlobal
