
Microsoft Visual Studio Solution File, Format Version 12.00
# Visual Studio Version 16
Project("{8BC9CEB8-8B4A-11D0-8D11-00A0C91BC942}") = "SoftRendererPlayer", "Source\Player\SoftRendererPlayer.vcxproj", "{360DB54E-D24C-3603-98B0-EB67862C848F}"
	ProjectSection(ProjectDependencies) = postProject
		{7180BD1A-E0F6-38B3-B307-BBFECED0763E} = {7180BD1A-E0F6-38B3-B307-BBFECED0763E}
		{EA97B834-5A01-3D1F-82C4-ED13832CBD4B} = {EA97B834-5A01-3D1F-82C4-ED13832CBD4B}
		{E7C6E080-74FC-3DDF-B6B9-1C619A239426} = {E7C6E080-74FC-3DDF-B6B9-1C619A239426}
	EndProjectSection
EndProject
Project("{8BC9CEB8-8B4A-11D0-8D11-00A0C91BC942}") = "ALL_BUILD", "ALL_BUILD.vcxproj", "{E1A12F48-E2B1-33C6-8B13-DBC90CD60AD9}"
	ProjectSection(ProjectDependencies) = postProject
		{7180BD1A-E0F6-38B3-B307-BBFECED0763E} = {7180BD1A-E0F6-38B3-B307-BBFECED0763E}
		{EA97B834-5A01-3D1F-82C4-ED13832CBD4B} = {EA97B834-5A01-3D1F-82C4-ED13832CBD4B}
		{E7C6E080-74FC-3DDF-B6B9-1C619A239426} = {E7C6E080-74FC-3DDF-B6B9-1C619A239426}
		{360DB54E-D24C-3603-98B0-EB67862C848F} = {360DB54E-D24C-3603-98B0-EB67862C848F}
	EndProjectSection
EndProject
Project("{8BC9CEB8-8B4A-11D0-8D11-00A0C91BC942}") = "EngineModule", "Source\Runtime\Engine\EngineModule.vcxproj", "{7180BD1A-E0F6-38B3-B307-BBFECED0763E}"
	ProjectSection(ProjectDependencies) = postProject
		{EA97B834-5A01-3D1F-82C4-ED13832CBD4B} = {EA97B834-5A01-3D1F-82C4-ED13832CBD4B}
		{E7C6E080-74FC-3DDF-B6B9-1C619A239426} = {E7C6E080-74FC-3DDF-B6B9-1C619A239426}
	EndProjectSection
EndProject
Project("{8BC9CEB8-8B4A-11D0-8D11-00A0C91BC942}") = "MathModule", "Source\Runtime\Math\MathModule.vcxproj", "{EA97B834-5A01-3D1F-82C4-ED13832CBD4B}"
	ProjectSection(ProjectDependencies) = postProject
	EndProjectSection
EndProject
Project("{8BC9CEB8-8B4A-11D0-8D11-00A0C91BC942}") = "RendererModule", "Source\Runtime\Renderer\RendererModule.vcxproj", "{E7C6E080-74FC-3DDF-B6B9-1C619A239426}"
	ProjectSection(ProjectDependencies) = postProject
		{EA97B834-5A01-3D1F-82C4-ED13832CBD4B} = {EA97B834-5A01-3D1F-82C4-ED13832CBD4B}
	EndProjectSection
EndProject
Global
	GlobalSection(SolutionConfigurationPlatforms) = preSolution
		Debug|x64 = Debug|x64
		Release|x64 = Release|x64
		MinSizeRel|x64 = MinSizeRel|x64
		RelWithDebInfo|x64 = RelWithDebInfo|x64
	EndGlobalSection
	GlobalSection(ProjectConfigurationPlatforms) = postSolution
		{360DB54E-D24C-3603-98B0-EB67862C848F}.Debug|x64.ActiveCfg = Debug|x64
		{360DB54E-D24C-3603-98B0-EB67862C848F}.Debug|x64.Build.0 = Debug|x64
		{360DB54E-D24C-3603-98B0-EB67862C848F}.Release|x64.ActiveCfg = Release|x64
		{360DB54E-D24C-3603-98B0-EB67862C848F}.Release|x64.Build.0 = Release|x64
		{360DB54E-D24C-3603-98B0-EB67862C848F}.MinSizeRel|x64.ActiveCfg = MinSizeRel|x64
		{360DB54E-D24C-3603-98B0-EB67862C848F}.MinSizeRel|x64.Build.0 = MinSizeRel|x64
		{360DB54E-D24C-3603-98B0-EB67862C848F}.RelWithDebInfo|x64.ActiveCfg = RelWithDebInfo|x64
		{360DB54E-D24C-3603-98B0-EB67862C848F}.RelWithDebInfo|x64.Build.0 = RelWithDebInfo|x64
		{E1A12F48-E2B1-33C6-8B13-DBC90CD60AD9}.Debug|x64.ActiveCfg = Debug|x64
		{E1A12F48-E2B1-33C6-8B13-DBC90CD60AD9}.Release|x64.ActiveCfg = Release|x64
		{E1A12F48-E2B1-33C6-8B13-DBC90CD60AD9}.MinSizeRel|x64.ActiveCfg = MinSizeRel|x64
		{E1A12F48-E2B1-33C6-8B13-DBC90CD60AD9}.RelWithDebInfo|x64.ActiveCfg = RelWithDebInfo|x64
		{7180BD1A-E0F6-38B3-B307-BBFECED0763E}.Debug|x64.ActiveCfg = Debug|x64
		{7180BD1A-E0F6-38B3-B307-BBFECED0763E}.Debug|x64.Build.0 = Debug|x64
		{7180BD1A-E0F6-38B3-B307-BBFECED0763E}.Release|x64.ActiveCfg = Release|x64
		{7180BD1A-E0F6-38B3-B307-BBFECED0763E}.Release|x64.Build.0 = Release|x64
		{7180BD1A-E0F6-38B3-B307-BBFECED0763E}.MinSizeRel|x64.ActiveCfg = MinSizeRel|x64
		{7180BD1A-E0F6-38B3-B307-BBFECED0763E}.MinSizeRel|x64.Build.0 = MinSizeRel|x64
		{7180BD1A-E0F6-38B3-B307-BBFECED0763E}.RelWithDebInfo|x64.ActiveCfg = RelWithDebInfo|x64
		{7180BD1A-E0F6-38B3-B307-BBFECED0763E}.RelWithDebInfo|x64.Build.0 = RelWithDebInfo|x64
		{EA97B834-5A01-3D1F-82C4-ED13832CBD4B}.Debug|x64.ActiveCfg = Debug|x64
		{EA97B834-5A01-3D1F-82C4-ED13832CBD4B}.Debug|x64.Build.0 = Debug|x64
		{EA97B834-5A01-3D1F-82C4-ED13832CBD4B}.Release|x64.ActiveCfg = Release|x64
		{EA97B834-5A01-3D1F-82C4-ED13832CBD4B}.Release|x64.Build.0 = Release|x64
		{EA97B834-5A01-3D1F-82C4-ED13832CBD4B}.MinSizeRel|x64.ActiveCfg = MinSizeRel|x64
		{EA97B834-5A01-3D1F-82C4-ED13832CBD4B}.MinSizeRel|x64.Build.0 = MinSizeRel|x64
		{EA97B834-5A01-3D1F-82C4-ED13832CBD4B}.RelWithDebInfo|x64.ActiveCfg = RelWithDebInfo|x64
		{EA97B834-5A01-3D1F-82C4-ED13832CBD4B}.RelWithDebInfo|x64.Build.0 = RelWithDebInfo|x64
		{E7C6E080-74FC-3DDF-B6B9-1C619A239426}.Debug|x64.ActiveCfg = Debug|x64
		{E7C6E080-74FC-3DDF-B6B9-1C619A239426}.Debug|x64.Build.0 = Debug|x64
		{E7C6E080-74FC-3DDF-B6B9-1C619A239426}.Release|x64.ActiveCfg = Release|x64
		{E7C6E080-74FC-3DDF-B6B9-1C619A239426}.Release|x64.Build.0 = Release|x64
		{E7C6E080-74FC-3DDF-B6B9-1C619A239426}.MinSizeRel|x64.ActiveCfg = MinSizeRel|x64
		{E7C6E080-74FC-3DDF-B6B9-1C619A239426}.MinSizeRel|x64.Build.0 = MinSizeRel|x64
		{E7C6E080-74FC-3DDF-B6B9-1C619A239426}.RelWithDebInfo|x64.ActiveCfg = RelWithDebInfo|x64
		{E7C6E080-74FC-3DDF-B6B9-1C619A239426}.RelWithDebInfo|x64.Build.0 = RelWithDebInfo|x64
	EndGlobalSection
	GlobalSection(ExtensibilityGlobals) = postSolution
		SolutionGuid = {ED90AAD9-EAD5-3CAD-9D74-8AF94737854B}
	EndGlobalSection
	GlobalSection(ExtensibilityAddIns) = postSolution
	EndGlobalSection
EndGlobal
