
Microsoft Visual Studio Solution File, Format Version 12.00
# Visual Studio Version 16
Project("{8BC9CEB8-8B4A-11D0-8D11-00A0C91BC942}") = "SoftRendererPlayer", "Source\Player\SoftRendererPlayer.vcxproj", "{EF7F9CD5-59BD-3019-8295-3FC99FA945A9}"
	ProjectSection(ProjectDependencies) = postProject
		{DD468B36-34F9-3DE3-A1FC-DDECC4930891} = {DD468B36-34F9-3DE3-A1FC-DDECC4930891}
		{D0F6789C-EE53-3328-B54E-F1CABEF02775} = {D0F6789C-EE53-3328-B54E-F1CABEF02775}
		{ACCC3121-2BF1-30BB-A97C-EF814F2BAC95} = {ACCC3121-2BF1-30BB-A97C-EF814F2BAC95}
	EndProjectSection
EndProject
Project("{8BC9CEB8-8B4A-11D0-8D11-00A0C91BC942}") = "ALL_BUILD", "ALL_BUILD.vcxproj", "{4B81B01F-B2B3-3788-99B1-4339D1FFEDAE}"
	ProjectSection(ProjectDependencies) = postProject
		{DD468B36-34F9-3DE3-A1FC-DDECC4930891} = {DD468B36-34F9-3DE3-A1FC-DDECC4930891}
		{D0F6789C-EE53-3328-B54E-F1CABEF02775} = {D0F6789C-EE53-3328-B54E-F1CABEF02775}
		{ACCC3121-2BF1-30BB-A97C-EF814F2BAC95} = {ACCC3121-2BF1-30BB-A97C-EF814F2BAC95}
		{EF7F9CD5-59BD-3019-8295-3FC99FA945A9} = {EF7F9CD5-59BD-3019-8295-3FC99FA945A9}
	EndProjectSection
EndProject
Project("{8BC9CEB8-8B4A-11D0-8D11-00A0C91BC942}") = "EngineModule", "Source\Runtime\Engine\EngineModule.vcxproj", "{DD468B36-34F9-3DE3-A1FC-DDECC4930891}"
	ProjectSection(ProjectDependencies) = postProject
		{D0F6789C-EE53-3328-B54E-F1CABEF02775} = {D0F6789C-EE53-3328-B54E-F1CABEF02775}
		{ACCC3121-2BF1-30BB-A97C-EF814F2BAC95} = {ACCC3121-2BF1-30BB-A97C-EF814F2BAC95}
	EndProjectSection
EndProject
Project("{8BC9CEB8-8B4A-11D0-8D11-00A0C91BC942}") = "MathModule", "Source\Runtime\Math\MathModule.vcxproj", "{D0F6789C-EE53-3328-B54E-F1CABEF02775}"
	ProjectSection(ProjectDependencies) = postProject
	EndProjectSection
EndProject
Project("{8BC9CEB8-8B4A-11D0-8D11-00A0C91BC942}") = "RendererModule", "Source\Runtime\Renderer\RendererModule.vcxproj", "{ACCC3121-2BF1-30BB-A97C-EF814F2BAC95}"
	ProjectSection(ProjectDependencies) = postProject
		{D0F6789C-EE53-3328-B54E-F1CABEF02775} = {D0F6789C-EE53-3328-B54E-F1CABEF02775}
	EndProjectSection
EndProject
Global
	GlobalSection(SolutionConfigurationPlatforms) = preSolution
		Debug|x64 = Debug|x64
		Release|x64 = Release|x64
		MinSizeRel|x64 = MinSizeRel|x64
		RelWithDebInfo|x64 = RelWithDebInfo|x64
	EndGlobalSection
	GlobalSection(ProjectConfigurationPlatforms) = postSolution
		{EF7F9CD5-59BD-3019-8295-3FC99FA945A9}.Debug|x64.ActiveCfg = Debug|x64
		{EF7F9CD5-59BD-3019-8295-3FC99FA945A9}.Debug|x64.Build.0 = Debug|x64
		{EF7F9CD5-59BD-3019-8295-3FC99FA945A9}.Release|x64.ActiveCfg = Release|x64
		{EF7F9CD5-59BD-3019-8295-3FC99FA945A9}.Release|x64.Build.0 = Release|x64
		{EF7F9CD5-59BD-3019-8295-3FC99FA945A9}.MinSizeRel|x64.ActiveCfg = MinSizeRel|x64
		{EF7F9CD5-59BD-3019-8295-3FC99FA945A9}.MinSizeRel|x64.Build.0 = MinSizeRel|x64
		{EF7F9CD5-59BD-3019-8295-3FC99FA945A9}.RelWithDebInfo|x64.ActiveCfg = RelWithDebInfo|x64
		{EF7F9CD5-59BD-3019-8295-3FC99FA945A9}.RelWithDebInfo|x64.Build.0 = RelWithDebInfo|x64
		{4B81B01F-B2B3-3788-99B1-4339D1FFEDAE}.Debug|x64.ActiveCfg = Debug|x64
		{4B81B01F-B2B3-3788-99B1-4339D1FFEDAE}.Release|x64.ActiveCfg = Release|x64
		{4B81B01F-B2B3-3788-99B1-4339D1FFEDAE}.MinSizeRel|x64.ActiveCfg = MinSizeRel|x64
		{4B81B01F-B2B3-3788-99B1-4339D1FFEDAE}.RelWithDebInfo|x64.ActiveCfg = RelWithDebInfo|x64
		{DD468B36-34F9-3DE3-A1FC-DDECC4930891}.Debug|x64.ActiveCfg = Debug|x64
		{DD468B36-34F9-3DE3-A1FC-DDECC4930891}.Debug|x64.Build.0 = Debug|x64
		{DD468B36-34F9-3DE3-A1FC-DDECC4930891}.Release|x64.ActiveCfg = Release|x64
		{DD468B36-34F9-3DE3-A1FC-DDECC4930891}.Release|x64.Build.0 = Release|x64
		{DD468B36-34F9-3DE3-A1FC-DDECC4930891}.MinSizeRel|x64.ActiveCfg = MinSizeRel|x64
		{DD468B36-34F9-3DE3-A1FC-DDECC4930891}.MinSizeRel|x64.Build.0 = MinSizeRel|x64
		{DD468B36-34F9-3DE3-A1FC-DDECC4930891}.RelWithDebInfo|x64.ActiveCfg = RelWithDebInfo|x64
		{DD468B36-34F9-3DE3-A1FC-DDECC4930891}.RelWithDebInfo|x64.Build.0 = RelWithDebInfo|x64
		{D0F6789C-EE53-3328-B54E-F1CABEF02775}.Debug|x64.ActiveCfg = Debug|x64
		{D0F6789C-EE53-3328-B54E-F1CABEF02775}.Debug|x64.Build.0 = Debug|x64
		{D0F6789C-EE53-3328-B54E-F1CABEF02775}.Release|x64.ActiveCfg = Release|x64
		{D0F6789C-EE53-3328-B54E-F1CABEF02775}.Release|x64.Build.0 = Release|x64
		{D0F6789C-EE53-3328-B54E-F1CABEF02775}.MinSizeRel|x64.ActiveCfg = MinSizeRel|x64
		{D0F6789C-EE53-3328-B54E-F1CABEF02775}.MinSizeRel|x64.Build.0 = MinSizeRel|x64
		{D0F6789C-EE53-3328-B54E-F1CABEF02775}.RelWithDebInfo|x64.ActiveCfg = RelWithDebInfo|x64
		{D0F6789C-EE53-3328-B54E-F1CABEF02775}.RelWithDebInfo|x64.Build.0 = RelWithDebInfo|x64
		{ACCC3121-2BF1-30BB-A97C-EF814F2BAC95}.Debug|x64.ActiveCfg = Debug|x64
		{ACCC3121-2BF1-30BB-A97C-EF814F2BAC95}.Debug|x64.Build.0 = Debug|x64
		{ACCC3121-2BF1-30BB-A97C-EF814F2BAC95}.Release|x64.ActiveCfg = Release|x64
		{ACCC3121-2BF1-30BB-A97C-EF814F2BAC95}.Release|x64.Build.0 = Release|x64
		{ACCC3121-2BF1-30BB-A97C-EF814F2BAC95}.MinSizeRel|x64.ActiveCfg = MinSizeRel|x64
		{ACCC3121-2BF1-30BB-A97C-EF814F2BAC95}.MinSizeRel|x64.Build.0 = MinSizeRel|x64
		{ACCC3121-2BF1-30BB-A97C-EF814F2BAC95}.RelWithDebInfo|x64.ActiveCfg = RelWithDebInfo|x64
		{ACCC3121-2BF1-30BB-A97C-EF814F2BAC95}.RelWithDebInfo|x64.Build.0 = RelWithDebInfo|x64
	EndGlobalSection
	GlobalSection(ExtensibilityGlobals) = postSolution
		SolutionGuid = {5C24CB1E-F10E-33DA-9D4A-C52CE22F9A68}
	EndGlobalSection
	GlobalSection(ExtensibilityAddIns) = postSolution
	EndGlobalSection
EndGlobal
