<?xml version="1.0" encoding="utf-8"?>
<Project ToolsVersion="16.0" xmlns="http://schemas.microsoft.com/developer/msbuild/2003">
  <ItemGroup>
    <ClCompile Include="D:\DirectX\gamemath-10-2\Source\Player\Precompiled.cpp" />
    <ClCompile Include="D:\DirectX\gamemath-10-2\Source\Player\Private\SystemInputManager.cpp">
      <Filter>Private</Filter>
    </ClCompile>
    <ClCompile Include="D:\DirectX\gamemath-10-2\Source\Player\SoftRenderer.cpp" />
    <ClCompile Include="D:\DirectX\gamemath-10-2\Source\Player\SoftRenderer2D.cpp" />
    <ClCompile Include="D:\DirectX\gamemath-10-2\Source\Player\SoftRenderer3D.cpp" />
    <ClCompile Include="D:\DirectX\gamemath-10-2\Source\Player\Private\Windows\WindowsApp.cpp">
      <Filter>Private\Windows</Filter>
    </ClCompile>
  </ItemGroup>
  <ItemGroup>
    <ClInclude Include="D:\DirectX\gamemath-10-2\Source\Player\Precompiled.h" />
    <ClInclude Include="D:\DirectX\gamemath-10-2\Source\Player\SoftRenderer.h" />
    <ClInclude Include="D:\DirectX\gamemath-10-2\Source\Player\SystemInputManager.h" />
    <ClInclude Include="D:\DirectX\gamemath-10-2\Source\Player\Private\Windows\Res\resource.h">
      <Filter>Private\Windows\Res</Filter>
    </ClInclude>
    <ClInclude Include="D:\DirectX\gamemath-10-2\Source\Player\Private\Windows\WindowsPlayer.h">
      <Filter>Private\Windows</Filter>
    </ClInclude>
    <ClInclude Include="D:\DirectX\gamemath-10-2\Source\Player\Private\Windows\WindowsUtil.h">
      <Filter>Private\Windows</Filter>
    </ClInclude>
  </ItemGroup>
  <ItemGroup>
    <None Include="D:\DirectX\gamemath-10-2\Source\Player\Private\Windows\Res\player.ico">
      <Filter>Private\Windows\Res</Filter>
    </None>
    <None Include="D:\DirectX\gamemath-10-2\Source\Player\Private\Windows\Res\player_small.ico">
      <Filter>Private\Windows\Res</Filter>
    </None>
  </ItemGroup>
  <ItemGroup>
    <ResourceCompile Include="D:\DirectX\gamemath-10-2\Source\Player\Private\Windows\Res\player.rc">
      <Filter>Private\Windows\Res</Filter>
    </ResourceCompile>
  </ItemGroup>
  <ItemGroup>
    <Filter Include="Private">
      <UniqueIdentifier>{03B5E415-C71B-3095-A88E-3AF33F40CA6F}</UniqueIdentifier>
    </Filter>
    <Filter Include="Private\Windows">
      <UniqueIdentifier>{41BFF30C-0822-39C2-AC13-05976996907E}</UniqueIdentifier>
    </Filter>
    <Filter Include="Private\Windows\Res">
      <UniqueIdentifier>{5DBD0972-ED95-384B-9BF0-8F0CDDA11DD2}</UniqueIdentifier>
    </Filter>
  </ItemGroup>
</Project>
