
Microsoft Visual Studio Solution File, Format Version 12.00
# Visual Studio Version 16
Project("{8BC9CEB8-8B4A-11D0-8D11-00A0C91BC942}") = "ALL_BUILD", "ALL_BUILD.vcxproj", "{1D97ABC4-5450-3EF4-857F-3BB1545F404B}"
	ProjectSection(ProjectDependencies) = postProject
		{EDE00497-C1F9-32A9-A8A4-43C77179B028} = {EDE00497-C1F9-32A9-A8A4-43C77179B028}
	EndProjectSection
EndProject
Project("{8BC9CEB8-8B4A-11D0-8D11-00A0C91BC942}") = "EngineModule", "..\Runtime\Engine\EngineModule.vcxproj", "{A92AA325-FF58-3A9A-A030-FA11BA0BAA1C}"
	ProjectSection(ProjectDependencies) = postProject
		{F8401D66-0985-367B-91F7-3BF2A64286B6} = {F8401D66-0985-367B-91F7-3BF2A64286B6}
		{F260CC06-24A7-35D1-9E36-6A5E4916A9A0} = {F260CC06-24A7-35D1-9E36-6A5E4916A9A0}
	EndProjectSection
EndProject
Project("{8BC9CEB8-8B4A-11D0-8D11-00A0C91BC942}") = "MathModule", "..\Runtime\Math\MathModule.vcxproj", "{F8401D66-0985-367B-91F7-3BF2A64286B6}"
	ProjectSection(ProjectDependencies) = postProject
	EndProjectSection
EndProject
Project("{8BC9CEB8-8B4A-11D0-8D11-00A0C91BC942}") = "RendererModule", "..\Runtime\Renderer\RendererModule.vcxproj", "{F260CC06-24A7-35D1-9E36-6A5E4916A9A0}"
	ProjectSection(ProjectDependencies) = postProject
		{F8401D66-0985-367B-91F7-3BF2A64286B6} = {F8401D66-0985-367B-91F7-3BF2A64286B6}
	EndProjectSection
EndProject
Project("{8BC9CEB8-8B4A-11D0-8D11-00A0C91BC942}") = "SoftRendererPlayer", "SoftRendererPlayer.vcxproj", "{EDE00497-C1F9-32A9-A8A4-43C77179B028}"
	ProjectSection(ProjectDependencies) = postProject
		{A92AA325-FF58-3A9A-A030-FA11BA0BAA1C} = {A92AA325-FF58-3A9A-A030-FA11BA0BAA1C}
		{F8401D66-0985-367B-91F7-3BF2A64286B6} = {F8401D66-0985-367B-91F7-3BF2A64286B6}
		{F260CC06-24A7-35D1-9E36-6A5E4916A9A0} = {F260CC06-24A7-35D1-9E36-6A5E4916A9A0}
	EndProjectSection
EndProject
Global
	GlobalSection(SolutionConfigurationPlatforms) = preSolution
		Debug|x64 = Debug|x64
		Release|x64 = Release|x64
		MinSizeRel|x64 = MinSizeRel|x64
		RelWithDebInfo|x64 = RelWithDebInfo|x64
	EndGlobalSection
	GlobalSection(ProjectConfigurationPlatforms) = postSolution
		{1D97ABC4-5450-3EF4-857F-3BB1545F404B}.Debug|x64.ActiveCfg = Debug|x64
		{1D97ABC4-5450-3EF4-857F-3BB1545F404B}.Release|x64.ActiveCfg = Release|x64
		{1D97ABC4-5450-3EF4-857F-3BB1545F404B}.MinSizeRel|x64.ActiveCfg = MinSizeRel|x64
		{1D97ABC4-5450-3EF4-857F-3BB1545F404B}.RelWithDebInfo|x64.ActiveCfg = RelWithDebInfo|x64
		{A92AA325-FF58-3A9A-A030-FA11BA0BAA1C}.Debug|x64.ActiveCfg = Debug|x64
		{A92AA325-FF58-3A9A-A030-FA11BA0BAA1C}.Debug|x64.Build.0 = Debug|x64
		{A92AA325-FF58-3A9A-A030-FA11BA0BAA1C}.Release|x64.ActiveCfg = Release|x64
		{A92AA325-FF58-3A9A-A030-FA11BA0BAA1C}.Release|x64.Build.0 = Release|x64
		{A92AA325-FF58-3A9A-A030-FA11BA0BAA1C}.MinSizeRel|x64.ActiveCfg = MinSizeRel|x64
		{A92AA325-FF58-3A9A-A030-FA11BA0BAA1C}.MinSizeRel|x64.Build.0 = MinSizeRel|x64
		{A92AA325-FF58-3A9A-A030-FA11BA0BAA1C}.RelWithDebInfo|x64.ActiveCfg = RelWithDebInfo|x64
		{A92AA325-FF58-3A9A-A030-FA11BA0BAA1C}.RelWithDebInfo|x64.Build.0 = RelWithDebInfo|x64
		{F8401D66-0985-367B-91F7-3BF2A64286B6}.Debug|x64.ActiveCfg = Debug|x64
		{F8401D66-0985-367B-91F7-3BF2A64286B6}.Debug|x64.Build.0 = Debug|x64
		{F8401D66-0985-367B-91F7-3BF2A64286B6}.Release|x64.ActiveCfg = Release|x64
		{F8401D66-0985-367B-91F7-3BF2A64286B6}.Release|x64.Build.0 = Release|x64
		{F8401D66-0985-367B-91F7-3BF2A64286B6}.MinSizeRel|x64.ActiveCfg = MinSizeRel|x64
		{F8401D66-0985-367B-91F7-3BF2A64286B6}.MinSizeRel|x64.Build.0 = MinSizeRel|x64
		{F8401D66-0985-367B-91F7-3BF2A64286B6}.RelWithDebInfo|x64.ActiveCfg = RelWithDebInfo|x64
		{F8401D66-0985-367B-91F7-3BF2A64286B6}.RelWithDebInfo|x64.Build.0 = RelWithDebInfo|x64
		{F260CC06-24A7-35D1-9E36-6A5E4916A9A0}.Debug|x64.ActiveCfg = Debug|x64
		{F260CC06-24A7-35D1-9E36-6A5E4916A9A0}.Debug|x64.Build.0 = Debug|x64
		{F260CC06-24A7-35D1-9E36-6A5E4916A9A0}.Release|x64.ActiveCfg = Release|x64
		{F260CC06-24A7-35D1-9E36-6A5E4916A9A0}.Release|x64.Build.0 = Release|x64
		{F260CC06-24A7-35D1-9E36-6A5E4916A9A0}.MinSizeRel|x64.ActiveCfg = MinSizeRel|x64
		{F260CC06-24A7-35D1-9E36-6A5E4916A9A0}.MinSizeRel|x64.Build.0 = MinSizeRel|x64
		{F260CC06-24A7-35D1-9E36-6A5E4916A9A0}.RelWithDebInfo|x64.ActiveCfg = RelWithDebInfo|x64
		{F260CC06-24A7-35D1-9E36-6A5E4916A9A0}.RelWithDebInfo|x64.Build.0 = RelWithDebInfo|x64
		{EDE00497-C1F9-32A9-A8A4-43C77179B028}.Debug|x64.ActiveCfg = Debug|x64
		{EDE00497-C1F9-32A9-A8A4-43C77179B028}.Debug|x64.Build.0 = Debug|x64
		{EDE00497-C1F9-32A9-A8A4-43C77179B028}.Release|x64.ActiveCfg = Release|x64
		{EDE00497-C1F9-32A9-A8A4-43C77179B028}.Release|x64.Build.0 = Release|x64
		{EDE00497-C1F9-32A9-A8A4-43C77179B028}.MinSizeRel|x64.ActiveCfg = MinSizeRel|x64
		{EDE00497-C1F9-32A9-A8A4-43C77179B028}.MinSizeRel|x64.Build.0 = MinSizeRel|x64
		{EDE00497-C1F9-32A9-A8A4-43C77179B028}.RelWithDebInfo|x64.ActiveCfg = RelWithDebInfo|x64
		{EDE00497-C1F9-32A9-A8A4-43C77179B028}.RelWithDebInfo|x64.Build.0 = RelWithDebInfo|x64
	EndGlobalSection
	GlobalSection(ExtensibilityGlobals) = postSolution
		SolutionGuid = {3E52678D-E1F2-3827-88C5-E4D798A5663A}
	EndGlobalSection
	GlobalSection(ExtensibilityAddIns) = postSolution
	EndGlobalSection
EndGlobal
