
Microsoft Visual Studio Solution File, Format Version 12.00
# Visual Studio Version 16
Project("{8BC9CEB8-8B4A-11D0-8D11-00A0C91BC942}") = "ALL_BUILD", "ALL_BUILD.vcxproj", "{DCDB2548-958F-3618-96A0-A23E9763BF5B}"
	ProjectSection(ProjectDependencies) = postProject
		{F4A6E80D-D8CF-3F66-BFB9-746B12D4CD10} = {F4A6E80D-D8CF-3F66-BFB9-746B12D4CD10}
	EndProjectSection
EndProject
Project("{8BC9CEB8-8B4A-11D0-8D11-00A0C91BC942}") = "EngineModule", "..\Runtime\Engine\EngineModule.vcxproj", "{4D916655-8760-3CDD-9911-899B155BA77E}"
	ProjectSection(ProjectDependencies) = postProject
		{479D46BC-4F20-3A8E-B74E-573F81F7DF08} = {479D46BC-4F20-3A8E-B74E-573F81F7DF08}
		{D9001A8D-1083-3880-9C9F-9AF98DF7BBC6} = {D9001A8D-1083-3880-9C9F-9AF98DF7BBC6}
	EndProjectSection
EndProject
Project("{8BC9CEB8-8B4A-11D0-8D11-00A0C91BC942}") = "MathModule", "..\Runtime\Math\MathModule.vcxproj", "{479D46BC-4F20-3A8E-B74E-573F81F7DF08}"
	ProjectSection(ProjectDependencies) = postProject
	EndProjectSection
EndProject
Project("{8BC9CEB8-8B4A-11D0-8D11-00A0C91BC942}") = "RendererModule", "..\Runtime\Renderer\RendererModule.vcxproj", "{D9001A8D-1083-3880-9C9F-9AF98DF7BBC6}"
	ProjectSection(ProjectDependencies) = postProject
		{479D46BC-4F20-3A8E-B74E-573F81F7DF08} = {479D46BC-4F20-3A8E-B74E-573F81F7DF08}
	EndProjectSection
EndProject
Project("{8BC9CEB8-8B4A-11D0-8D11-00A0C91BC942}") = "SoftRendererPlayer", "SoftRendererPlayer.vcxproj", "{F4A6E80D-D8CF-3F66-BFB9-746B12D4CD10}"
	ProjectSection(ProjectDependencies) = postProject
		{4D916655-8760-3CDD-9911-899B155BA77E} = {4D916655-8760-3CDD-9911-899B155BA77E}
		{479D46BC-4F20-3A8E-B74E-573F81F7DF08} = {479D46BC-4F20-3A8E-B74E-573F81F7DF08}
		{D9001A8D-1083-3880-9C9F-9AF98DF7BBC6} = {D9001A8D-1083-3880-9C9F-9AF98DF7BBC6}
	EndProjectSection
EndProject
Global
	GlobalSection(SolutionConfigurationPlatforms) = preSolution
		Debug|x64 = Debug|x64
		Release|x64 = Release|x64
		MinSizeRel|x64 = MinSizeRel|x64
		RelWithDebInfo|x64 = RelWithDebInfo|x64
	EndGlobalSection
	GlobalSection(ProjectConfigurationPlatforms) = postSolution
		{DCDB2548-958F-3618-96A0-A23E9763BF5B}.Debug|x64.ActiveCfg = Debug|x64
		{DCDB2548-958F-3618-96A0-A23E9763BF5B}.Release|x64.ActiveCfg = Release|x64
		{DCDB2548-958F-3618-96A0-A23E9763BF5B}.MinSizeRel|x64.ActiveCfg = MinSizeRel|x64
		{DCDB2548-958F-3618-96A0-A23E9763BF5B}.RelWithDebInfo|x64.ActiveCfg = RelWithDebInfo|x64
		{4D916655-8760-3CDD-9911-899B155BA77E}.Debug|x64.ActiveCfg = Debug|x64
		{4D916655-8760-3CDD-9911-899B155BA77E}.Debug|x64.Build.0 = Debug|x64
		{4D916655-8760-3CDD-9911-899B155BA77E}.Release|x64.ActiveCfg = Release|x64
		{4D916655-8760-3CDD-9911-899B155BA77E}.Release|x64.Build.0 = Release|x64
		{4D916655-8760-3CDD-9911-899B155BA77E}.MinSizeRel|x64.ActiveCfg = MinSizeRel|x64
		{4D916655-8760-3CDD-9911-899B155BA77E}.MinSizeRel|x64.Build.0 = MinSizeRel|x64
		{4D916655-8760-3CDD-9911-899B155BA77E}.RelWithDebInfo|x64.ActiveCfg = RelWithDebInfo|x64
		{4D916655-8760-3CDD-9911-899B155BA77E}.RelWithDebInfo|x64.Build.0 = RelWithDebInfo|x64
		{479D46BC-4F20-3A8E-B74E-573F81F7DF08}.Debug|x64.ActiveCfg = Debug|x64
		{479D46BC-4F20-3A8E-B74E-573F81F7DF08}.Debug|x64.Build.0 = Debug|x64
		{479D46BC-4F20-3A8E-B74E-573F81F7DF08}.Release|x64.ActiveCfg = Release|x64
		{479D46BC-4F20-3A8E-B74E-573F81F7DF08}.Release|x64.Build.0 = Release|x64
		{479D46BC-4F20-3A8E-B74E-573F81F7DF08}.MinSizeRel|x64.ActiveCfg = MinSizeRel|x64
		{479D46BC-4F20-3A8E-B74E-573F81F7DF08}.MinSizeRel|x64.Build.0 = MinSizeRel|x64
		{479D46BC-4F20-3A8E-B74E-573F81F7DF08}.RelWithDebInfo|x64.ActiveCfg = RelWithDebInfo|x64
		{479D46BC-4F20-3A8E-B74E-573F81F7DF08}.RelWithDebInfo|x64.Build.0 = RelWithDebInfo|x64
		{D9001A8D-1083-3880-9C9F-9AF98DF7BBC6}.Debug|x64.ActiveCfg = Debug|x64
		{D9001A8D-1083-3880-9C9F-9AF98DF7BBC6}.Debug|x64.Build.0 = Debug|x64
		{D9001A8D-1083-3880-9C9F-9AF98DF7BBC6}.Release|x64.ActiveCfg = Release|x64
		{D9001A8D-1083-3880-9C9F-9AF98DF7BBC6}.Release|x64.Build.0 = Release|x64
		{D9001A8D-1083-3880-9C9F-9AF98DF7BBC6}.MinSizeRel|x64.ActiveCfg = MinSizeRel|x64
		{D9001A8D-1083-3880-9C9F-9AF98DF7BBC6}.MinSizeRel|x64.Build.0 = MinSizeRel|x64
		{D9001A8D-1083-3880-9C9F-9AF98DF7BBC6}.RelWithDebInfo|x64.ActiveCfg = RelWithDebInfo|x64
		{D9001A8D-1083-3880-9C9F-9AF98DF7BBC6}.RelWithDebInfo|x64.Build.0 = RelWithDebInfo|x64
		{F4A6E80D-D8CF-3F66-BFB9-746B12D4CD10}.Debug|x64.ActiveCfg = Debug|x64
		{F4A6E80D-D8CF-3F66-BFB9-746B12D4CD10}.Debug|x64.Build.0 = Debug|x64
		{F4A6E80D-D8CF-3F66-BFB9-746B12D4CD10}.Release|x64.ActiveCfg = Release|x64
		{F4A6E80D-D8CF-3F66-BFB9-746B12D4CD10}.Release|x64.Build.0 = Release|x64
		{F4A6E80D-D8CF-3F66-BFB9-746B12D4CD10}.MinSizeRel|x64.ActiveCfg = MinSizeRel|x64
		{F4A6E80D-D8CF-3F66-BFB9-746B12D4CD10}.MinSizeRel|x64.Build.0 = MinSizeRel|x64
		{F4A6E80D-D8CF-3F66-BFB9-746B12D4CD10}.RelWithDebInfo|x64.ActiveCfg = RelWithDebInfo|x64
		{F4A6E80D-D8CF-3F66-BFB9-746B12D4CD10}.RelWithDebInfo|x64.Build.0 = RelWithDebInfo|x64
	EndGlobalSection
	GlobalSection(ExtensibilityGlobals) = postSolution
		SolutionGuid = {E5ED0D8A-69A7-3D12-A0CC-7D29AACD7A6F}
	EndGlobalSection
	GlobalSection(ExtensibilityAddIns) = postSolution
	EndGlobalSection
EndGlobal
