
Microsoft Visual Studio Solution File, Format Version 12.00
# Visual Studio Version 16
Project("{8BC9CEB8-8B4A-11D0-8D11-00A0C91BC942}") = "ALL_BUILD", "ALL_BUILD.vcxproj", "{7A327C92-4450-329B-9F15-CCF7ED40F68A}"
	ProjectSection(ProjectDependencies) = postProject
		{D09592CB-AB1F-323E-85DA-B16C639A01CE} = {D09592CB-AB1F-323E-85DA-B16C639A01CE}
	EndProjectSection
EndProject
Project("{8BC9CEB8-8B4A-11D0-8D11-00A0C91BC942}") = "EngineModule", "EngineModule.vcxproj", "{D09592CB-AB1F-323E-85DA-B16C639A01CE}"
	ProjectSection(ProjectDependencies) = postProject
		{2E143902-E656-3CDE-92AD-07DB0B87DB7A} = {2E143902-E656-3CDE-92AD-07DB0B87DB7A}
		{6BC5B844-1B6D-3428-9A22-197A02E95F71} = {6BC5B844-1B6D-3428-9A22-197A02E95F71}
	EndProjectSection
EndProject
Project("{8BC9CEB8-8B4A-11D0-8D11-00A0C91BC942}") = "MathModule", "..\Math\MathModule.vcxproj", "{2E143902-E656-3CDE-92AD-07DB0B87DB7A}"
	ProjectSection(ProjectDependencies) = postProject
	EndProjectSection
EndProject
Project("{8BC9CEB8-8B4A-11D0-8D11-00A0C91BC942}") = "RendererModule", "..\Renderer\RendererModule.vcxproj", "{6BC5B844-1B6D-3428-9A22-197A02E95F71}"
	ProjectSection(ProjectDependencies) = postProject
		{2E143902-E656-3CDE-92AD-07DB0B87DB7A} = {2E143902-E656-3CDE-92AD-07DB0B87DB7A}
	EndProjectSection
EndProject
Global
	GlobalSection(SolutionConfigurationPlatforms) = preSolution
		Debug|x64 = Debug|x64
		Release|x64 = Release|x64
		MinSizeRel|x64 = MinSizeRel|x64
		RelWithDebInfo|x64 = RelWithDebInfo|x64
	EndGlobalSection
	GlobalSection(ProjectConfigurationPlatforms) = postSolution
		{7A327C92-4450-329B-9F15-CCF7ED40F68A}.Debug|x64.ActiveCfg = Debug|x64
		{7A327C92-4450-329B-9F15-CCF7ED40F68A}.Release|x64.ActiveCfg = Release|x64
		{7A327C92-4450-329B-9F15-CCF7ED40F68A}.MinSizeRel|x64.ActiveCfg = MinSizeRel|x64
		{7A327C92-4450-329B-9F15-CCF7ED40F68A}.RelWithDebInfo|x64.ActiveCfg = RelWithDebInfo|x64
		{D09592CB-AB1F-323E-85DA-B16C639A01CE}.Debug|x64.ActiveCfg = Debug|x64
		{D09592CB-AB1F-323E-85DA-B16C639A01CE}.Debug|x64.Build.0 = Debug|x64
		{D09592CB-AB1F-323E-85DA-B16C639A01CE}.Release|x64.ActiveCfg = Release|x64
		{D09592CB-AB1F-323E-85DA-B16C639A01CE}.Release|x64.Build.0 = Release|x64
		{D09592CB-AB1F-323E-85DA-B16C639A01CE}.MinSizeRel|x64.ActiveCfg = MinSizeRel|x64
		{D09592CB-AB1F-323E-85DA-B16C639A01CE}.MinSizeRel|x64.Build.0 = MinSizeRel|x64
		{D09592CB-AB1F-323E-85DA-B16C639A01CE}.RelWithDebInfo|x64.ActiveCfg = RelWithDebInfo|x64
		{D09592CB-AB1F-323E-85DA-B16C639A01CE}.RelWithDebInfo|x64.Build.0 = RelWithDebInfo|x64
		{2E143902-E656-3CDE-92AD-07DB0B87DB7A}.Debug|x64.ActiveCfg = Debug|x64
		{2E143902-E656-3CDE-92AD-07DB0B87DB7A}.Debug|x64.Build.0 = Debug|x64
		{2E143902-E656-3CDE-92AD-07DB0B87DB7A}.Release|x64.ActiveCfg = Release|x64
		{2E143902-E656-3CDE-92AD-07DB0B87DB7A}.Release|x64.Build.0 = Release|x64
		{2E143902-E656-3CDE-92AD-07DB0B87DB7A}.MinSizeRel|x64.ActiveCfg = MinSizeRel|x64
		{2E143902-E656-3CDE-92AD-07DB0B87DB7A}.MinSizeRel|x64.Build.0 = MinSizeRel|x64
		{2E143902-E656-3CDE-92AD-07DB0B87DB7A}.RelWithDebInfo|x64.ActiveCfg = RelWithDebInfo|x64
		{2E143902-E656-3CDE-92AD-07DB0B87DB7A}.RelWithDebInfo|x64.Build.0 = RelWithDebInfo|x64
		{6BC5B844-1B6D-3428-9A22-197A02E95F71}.Debug|x64.ActiveCfg = Debug|x64
		{6BC5B844-1B6D-3428-9A22-197A02E95F71}.Debug|x64.Build.0 = Debug|x64
		{6BC5B844-1B6D-3428-9A22-197A02E95F71}.Release|x64.ActiveCfg = Release|x64
		{6BC5B844-1B6D-3428-9A22-197A02E95F71}.Release|x64.Build.0 = Release|x64
		{6BC5B844-1B6D-3428-9A22-197A02E95F71}.MinSizeRel|x64.ActiveCfg = MinSizeRel|x64
		{6BC5B844-1B6D-3428-9A22-197A02E95F71}.MinSizeRel|x64.Build.0 = MinSizeRel|x64
		{6BC5B844-1B6D-3428-9A22-197A02E95F71}.RelWithDebInfo|x64.ActiveCfg = RelWithDebInfo|x64
		{6BC5B844-1B6D-3428-9A22-197A02E95F71}.RelWithDebInfo|x64.Build.0 = RelWithDebInfo|x64
	EndGlobalSection
	GlobalSection(ExtensibilityGlobals) = postSolution
		SolutionGuid = {9E59654A-E8DA-3C0A-AEA7-050AE981D72B}
	EndGlobalSection
	GlobalSection(ExtensibilityAddIns) = postSolution
	EndGlobalSection
EndGlobal
